// !$*UTF8*$!
{
	archiveVersion = 1;
	classes = {
	};
	objectVersion = 50;
	objects = {

/* Begin PBXBuildFile section */
		53006556224DD85A0012E0D7 /* BumiosFileManager.swift in Sources */ = {isa = PBXBuildFile; fileRef = 53006555224DD85A0012E0D7 /* BumiosFileManager.swift */; };
		53006558224DD8800012E0D7 /* BumiosVideoManager.swift in Sources */ = {isa = PBXBuildFile; fileRef = 53006557224DD8800012E0D7 /* BumiosVideoManager.swift */; };
		531363512253107A00A94BA4 /* PHAssetExtension.swift in Sources */ = {isa = PBXBuildFile; fileRef = 531363502253107A00A94BA4 /* PHAssetExtension.swift */; };
		532668632252181000F10515 /* URLExtension.swift in Sources */ = {isa = PBXBuildFile; fileRef = 532668622252181000F10515 /* URLExtension.swift */; };
		5327CF832248851F002B8D42 /* PhotoLibraryManager.swift in Sources */ = {isa = PBXBuildFile; fileRef = 5327CF822248851F002B8D42 /* PhotoLibraryManager.swift */; };
		5327CF8622488BB8002B8D42 /* VideoGalleryViewController.swift in Sources */ = {isa = PBXBuildFile; fileRef = 5327CF8422488BB8002B8D42 /* VideoGalleryViewController.swift */; };
		5327CF8B22489715002B8D42 /* PermissionManager.swift in Sources */ = {isa = PBXBuildFile; fileRef = 5327CF8A22489715002B8D42 /* PermissionManager.swift */; };
		5327CF8E22489CE0002B8D42 /* HomeViewController.swift in Sources */ = {isa = PBXBuildFile; fileRef = 5327CF8C22489CE0002B8D42 /* HomeViewController.swift */; };
		5327CF8F22489CE0002B8D42 /* HomeViewController.xib in Resources */ = {isa = PBXBuildFile; fileRef = 5327CF8D22489CE0002B8D42 /* HomeViewController.xib */; };
		5327CF912248AE0E002B8D42 /* VideoGalleryViewController.xib in Resources */ = {isa = PBXBuildFile; fileRef = 5327CF902248AE0E002B8D42 /* VideoGalleryViewController.xib */; };
		5327CF952248AF06002B8D42 /* VideoCollectionCell.swift in Sources */ = {isa = PBXBuildFile; fileRef = 5327CF932248AF06002B8D42 /* VideoCollectionCell.swift */; };
		5327CF962248AF06002B8D42 /* VideoCollectionCell.xib in Resources */ = {isa = PBXBuildFile; fileRef = 5327CF942248AF06002B8D42 /* VideoCollectionCell.xib */; };
		5327CF982248B16A002B8D42 /* VideoGalleryViewModel.swift in Sources */ = {isa = PBXBuildFile; fileRef = 5327CF972248B16A002B8D42 /* VideoGalleryViewModel.swift */; };
		5327CF9A2248B30A002B8D42 /* VideoCollectionCellViewModel.swift in Sources */ = {isa = PBXBuildFile; fileRef = 5327CF992248B30A002B8D42 /* VideoCollectionCellViewModel.swift */; };
		5327CF9C2248C079002B8D42 /* CustomVideoPlayerViewModel.swift in Sources */ = {isa = PBXBuildFile; fileRef = 5327CF9B2248C079002B8D42 /* CustomVideoPlayerViewModel.swift */; };
		5327CFAA2248C4D5002B8D42 /* UITextFieldExtension.swift in Sources */ = {isa = PBXBuildFile; fileRef = 5327CF9F2248C4D5002B8D42 /* UITextFieldExtension.swift */; };
		5327CFAB2248C4D5002B8D42 /* IntExtension.swift in Sources */ = {isa = PBXBuildFile; fileRef = 5327CFA02248C4D5002B8D42 /* IntExtension.swift */; };
		5327CFAC2248C4D5002B8D42 /* CGFloatExtension.swift in Sources */ = {isa = PBXBuildFile; fileRef = 5327CFA12248C4D5002B8D42 /* CGFloatExtension.swift */; };
		5327CFAD2248C4D5002B8D42 /* UITableViewExtension.swift in Sources */ = {isa = PBXBuildFile; fileRef = 5327CFA22248C4D5002B8D42 /* UITableViewExtension.swift */; };
		5327CFAE2248C4D5002B8D42 /* UIViewExtension.swift in Sources */ = {isa = PBXBuildFile; fileRef = 5327CFA32248C4D5002B8D42 /* UIViewExtension.swift */; };
		5327CFAF2248C4D5002B8D42 /* UIFontExtension.swift in Sources */ = {isa = PBXBuildFile; fileRef = 5327CFA42248C4D5002B8D42 /* UIFontExtension.swift */; };
		5327CFB02248C4D5002B8D42 /* StringExtension.swift in Sources */ = {isa = PBXBuildFile; fileRef = 5327CFA52248C4D5002B8D42 /* StringExtension.swift */; };
		5327CFB12248C4D5002B8D42 /* DoubleExtension.swift in Sources */ = {isa = PBXBuildFile; fileRef = 5327CFA62248C4D5002B8D42 /* DoubleExtension.swift */; };
		5327CFB52248C79F002B8D42 /* UICollectionViewExtension.swift in Sources */ = {isa = PBXBuildFile; fileRef = 5327CFB42248C79F002B8D42 /* UICollectionViewExtension.swift */; };
		53BB4125224498FE00555A5F /* AppDelegate.swift in Sources */ = {isa = PBXBuildFile; fileRef = 53BB4124224498FE00555A5F /* AppDelegate.swift */; };
		53BB412C224498FF00555A5F /* Assets.xcassets in Resources */ = {isa = PBXBuildFile; fileRef = 53BB412B224498FF00555A5F /* Assets.xcassets */; };
		53BB412F224498FF00555A5F /* LaunchScreen.storyboard in Resources */ = {isa = PBXBuildFile; fileRef = 53BB412D224498FF00555A5F /* LaunchScreen.storyboard */; };
		53F818AF224876FC0049EC05 /* CustomVideoPlayerViewController.swift in Sources */ = {isa = PBXBuildFile; fileRef = 53F818AD224876FC0049EC05 /* CustomVideoPlayerViewController.swift */; };
		53F818B0224876FC0049EC05 /* CustomVideoPlayerViewController.xib in Resources */ = {isa = PBXBuildFile; fileRef = 53F818AE224876FC0049EC05 /* CustomVideoPlayerViewController.xib */; };
/* End PBXBuildFile section */

/* Begin PBXFileReference section */
		53006555224DD85A0012E0D7 /* BumiosFileManager.swift */ = {isa = PBXFileReference; lastKnownFileType = sourcecode.swift; path = BumiosFileManager.swift; sourceTree = "<group>"; };
		53006557224DD8800012E0D7 /* BumiosVideoManager.swift */ = {isa = PBXFileReference; lastKnownFileType = sourcecode.swift; path = BumiosVideoManager.swift; sourceTree = "<group>"; };
		531363502253107A00A94BA4 /* PHAssetExtension.swift */ = {isa = PBXFileReference; lastKnownFileType = sourcecode.swift; path = PHAssetExtension.swift; sourceTree = "<group>"; };
		532668622252181000F10515 /* URLExtension.swift */ = {isa = PBXFileReference; lastKnownFileType = sourcecode.swift; path = URLExtension.swift; sourceTree = "<group>"; };
		5327CF822248851F002B8D42 /* PhotoLibraryManager.swift */ = {isa = PBXFileReference; lastKnownFileType = sourcecode.swift; path = PhotoLibraryManager.swift; sourceTree = "<group>"; };
		5327CF8422488BB8002B8D42 /* VideoGalleryViewController.swift */ = {isa = PBXFileReference; lastKnownFileType = sourcecode.swift; path = VideoGalleryViewController.swift; sourceTree = "<group>"; };
		5327CF8A22489715002B8D42 /* PermissionManager.swift */ = {isa = PBXFileReference; lastKnownFileType = sourcecode.swift; path = PermissionManager.swift; sourceTree = "<group>"; };
		5327CF8C22489CE0002B8D42 /* HomeViewController.swift */ = {isa = PBXFileReference; lastKnownFileType = sourcecode.swift; path = HomeViewController.swift; sourceTree = "<group>"; };
		5327CF8D22489CE0002B8D42 /* HomeViewController.xib */ = {isa = PBXFileReference; lastKnownFileType = file.xib; path = HomeViewController.xib; sourceTree = "<group>"; };
		5327CF902248AE0E002B8D42 /* VideoGalleryViewController.xib */ = {isa = PBXFileReference; fileEncoding = 4; lastKnownFileType = file.xib; path = VideoGalleryViewController.xib; sourceTree = "<group>"; };
		5327CF932248AF06002B8D42 /* VideoCollectionCell.swift */ = {isa = PBXFileReference; lastKnownFileType = sourcecode.swift; path = VideoCollectionCell.swift; sourceTree = "<group>"; };
		5327CF942248AF06002B8D42 /* VideoCollectionCell.xib */ = {isa = PBXFileReference; lastKnownFileType = file.xib; path = VideoCollectionCell.xib; sourceTree = "<group>"; };
		5327CF972248B16A002B8D42 /* VideoGalleryViewModel.swift */ = {isa = PBXFileReference; lastKnownFileType = sourcecode.swift; path = VideoGalleryViewModel.swift; sourceTree = "<group>"; };
		5327CF992248B30A002B8D42 /* VideoCollectionCellViewModel.swift */ = {isa = PBXFileReference; lastKnownFileType = sourcecode.swift; path = VideoCollectionCellViewModel.swift; sourceTree = "<group>"; };
		5327CF9B2248C079002B8D42 /* CustomVideoPlayerViewModel.swift */ = {isa = PBXFileReference; lastKnownFileType = sourcecode.swift; path = CustomVideoPlayerViewModel.swift; sourceTree = "<group>"; };
		5327CF9F2248C4D5002B8D42 /* UITextFieldExtension.swift */ = {isa = PBXFileReference; fileEncoding = 4; lastKnownFileType = sourcecode.swift; path = UITextFieldExtension.swift; sourceTree = "<group>"; };
		5327CFA02248C4D5002B8D42 /* IntExtension.swift */ = {isa = PBXFileReference; fileEncoding = 4; lastKnownFileType = sourcecode.swift; path = IntExtension.swift; sourceTree = "<group>"; };
		5327CFA12248C4D5002B8D42 /* CGFloatExtension.swift */ = {isa = PBXFileReference; fileEncoding = 4; lastKnownFileType = sourcecode.swift; path = CGFloatExtension.swift; sourceTree = "<group>"; };
		5327CFA22248C4D5002B8D42 /* UITableViewExtension.swift */ = {isa = PBXFileReference; fileEncoding = 4; lastKnownFileType = sourcecode.swift; path = UITableViewExtension.swift; sourceTree = "<group>"; };
		5327CFA32248C4D5002B8D42 /* UIViewExtension.swift */ = {isa = PBXFileReference; fileEncoding = 4; lastKnownFileType = sourcecode.swift; path = UIViewExtension.swift; sourceTree = "<group>"; };
		5327CFA42248C4D5002B8D42 /* UIFontExtension.swift */ = {isa = PBXFileReference; fileEncoding = 4; lastKnownFileType = sourcecode.swift; path = UIFontExtension.swift; sourceTree = "<group>"; };
		5327CFA52248C4D5002B8D42 /* StringExtension.swift */ = {isa = PBXFileReference; fileEncoding = 4; lastKnownFileType = sourcecode.swift; path = StringExtension.swift; sourceTree = "<group>"; };
		5327CFA62248C4D5002B8D42 /* DoubleExtension.swift */ = {isa = PBXFileReference; fileEncoding = 4; lastKnownFileType = sourcecode.swift; path = DoubleExtension.swift; sourceTree = "<group>"; };
		5327CFB42248C79F002B8D42 /* UICollectionViewExtension.swift */ = {isa = PBXFileReference; lastKnownFileType = sourcecode.swift; path = UICollectionViewExtension.swift; sourceTree = "<group>"; };
		53BB4121224498FE00555A5F /* Demo_VideoAttachment.app */ = {isa = PBXFileReference; explicitFileType = wrapper.application; includeInIndex = 0; path = Demo_VideoAttachment.app; sourceTree = BUILT_PRODUCTS_DIR; };
		53BB4124224498FE00555A5F /* AppDelegate.swift */ = {isa = PBXFileReference; lastKnownFileType = sourcecode.swift; path = AppDelegate.swift; sourceTree = "<group>"; };
		53BB412B224498FF00555A5F /* Assets.xcassets */ = {isa = PBXFileReference; lastKnownFileType = folder.assetcatalog; path = Assets.xcassets; sourceTree = "<group>"; };
		53BB412E224498FF00555A5F /* Base */ = {isa = PBXFileReference; lastKnownFileType = file.storyboard; name = Base; path = Base.lproj/LaunchScreen.storyboard; sourceTree = "<group>"; };
		53BB4130224498FF00555A5F /* Info.plist */ = {isa = PBXFileReference; lastKnownFileType = text.plist.xml; path = Info.plist; sourceTree = "<group>"; };
		53F818AD224876FC0049EC05 /* CustomVideoPlayerViewController.swift */ = {isa = PBXFileReference; lastKnownFileType = sourcecode.swift; path = CustomVideoPlayerViewController.swift; sourceTree = "<group>"; };
		53F818AE224876FC0049EC05 /* CustomVideoPlayerViewController.xib */ = {isa = PBXFileReference; lastKnownFileType = file.xib; path = CustomVideoPlayerViewController.xib; sourceTree = "<group>"; };
/* End PBXFileReference section */

/* Begin PBXFrameworksBuildPhase section */
		53BB411E224498FE00555A5F /* Frameworks */ = {
			isa = PBXFrameworksBuildPhase;
			buildActionMask = 2147483647;
			files = (
			);
			runOnlyForDeploymentPostprocessing = 0;
		};
/* End PBXFrameworksBuildPhase section */

/* Begin PBXGroup section */
		53006554224DD8490012E0D7 /* Core */ = {
			isa = PBXGroup;
			children = (
				53006555224DD85A0012E0D7 /* BumiosFileManager.swift */,
				53006557224DD8800012E0D7 /* BumiosVideoManager.swift */,
				5327CF822248851F002B8D42 /* PhotoLibraryManager.swift */,
				5327CF8A22489715002B8D42 /* PermissionManager.swift */,
			);
			path = Core;
			sourceTree = "<group>";
		};
		5327CF922248AEEA002B8D42 /* Cell */ = {
			isa = PBXGroup;
			children = (
				5327CF932248AF06002B8D42 /* VideoCollectionCell.swift */,
				5327CF942248AF06002B8D42 /* VideoCollectionCell.xib */,
				5327CF992248B30A002B8D42 /* VideoCollectionCellViewModel.swift */,
			);
			path = Cell;
			sourceTree = "<group>";
		};
		5327CF9D2248C4D5002B8D42 /* Library */ = {
			isa = PBXGroup;
			children = (
				53006554224DD8490012E0D7 /* Core */,
				5327CF9E2248C4D5002B8D42 /* Extension */,
			);
			path = Library;
			sourceTree = "<group>";
		};
		5327CF9E2248C4D5002B8D42 /* Extension */ = {
			isa = PBXGroup;
			children = (
				5327CFA12248C4D5002B8D42 /* CGFloatExtension.swift */,
				5327CFA62248C4D5002B8D42 /* DoubleExtension.swift */,
				5327CFA02248C4D5002B8D42 /* IntExtension.swift */,
				531363502253107A00A94BA4 /* PHAssetExtension.swift */,
				5327CFA52248C4D5002B8D42 /* StringExtension.swift */,
				5327CFB42248C79F002B8D42 /* UICollectionViewExtension.swift */,
				5327CFA42248C4D5002B8D42 /* UIFontExtension.swift */,
				5327CFA22248C4D5002B8D42 /* UITableViewExtension.swift */,
				5327CF9F2248C4D5002B8D42 /* UITextFieldExtension.swift */,
				5327CFA32248C4D5002B8D42 /* UIViewExtension.swift */,
				532668622252181000F10515 /* URLExtension.swift */,
			);
			path = Extension;
			sourceTree = "<group>";
		};
		53BB4118224498FE00555A5F = {
			isa = PBXGroup;
			children = (
				53BB4123224498FE00555A5F /* Demo_VideoAttachment */,
				53BB4122224498FE00555A5F /* Products */,
			);
			sourceTree = "<group>";
		};
		53BB4122224498FE00555A5F /* Products */ = {
			isa = PBXGroup;
			children = (
				53BB4121224498FE00555A5F /* Demo_VideoAttachment.app */,
			);
			name = Products;
			sourceTree = "<group>";
		};
		53BB4123224498FE00555A5F /* Demo_VideoAttachment */ = {
			isa = PBXGroup;
			children = (
				53BB413822449C6900555A5F /* App */,
				53BB413722449C5E00555A5F /* View */,
				5327CF9D2248C4D5002B8D42 /* Library */,
				53BB413922449C7300555A5F /* Resource */,
				53BB413622449A9E00555A5F /* Support */,
			);
			path = Demo_VideoAttachment;
			sourceTree = "<group>";
		};
		53BB413622449A9E00555A5F /* Support */ = {
			isa = PBXGroup;
			children = (
				53BB4130224498FF00555A5F /* Info.plist */,
				53BB412D224498FF00555A5F /* LaunchScreen.storyboard */,
			);
			path = Support;
			sourceTree = "<group>";
		};
		53BB413722449C5E00555A5F /* View */ = {
			isa = PBXGroup;
			children = (
				53BB413F22449F8B00555A5F /* Video */,
				5327CF8C22489CE0002B8D42 /* HomeViewController.swift */,
				5327CF8D22489CE0002B8D42 /* HomeViewController.xib */,
			);
			path = View;
			sourceTree = "<group>";
		};
		53BB413822449C6900555A5F /* App */ = {
			isa = PBXGroup;
			children = (
				53BB4124224498FE00555A5F /* AppDelegate.swift */,
			);
			path = App;
			sourceTree = "<group>";
		};
		53BB413922449C7300555A5F /* Resource */ = {
			isa = PBXGroup;
			children = (
				53BB413A22449C8300555A5F /* Images */,
			);
			path = Resource;
			sourceTree = "<group>";
		};
		53BB413A22449C8300555A5F /* Images */ = {
			isa = PBXGroup;
			children = (
				53BB412B224498FF00555A5F /* Assets.xcassets */,
			);
			path = Images;
			sourceTree = "<group>";
		};
		53BB413F22449F8B00555A5F /* Video */ = {
			isa = PBXGroup;
			children = (
				53F818B1224877000049EC05 /* Custom Video Player */,
				5327CF922248AEEA002B8D42 /* Cell */,
				5327CF972248B16A002B8D42 /* VideoGalleryViewModel.swift */,
				5327CF8422488BB8002B8D42 /* VideoGalleryViewController.swift */,
				5327CF902248AE0E002B8D42 /* VideoGalleryViewController.xib */,
			);
			path = Video;
			sourceTree = "<group>";
		};
		53F818B1224877000049EC05 /* Custom Video Player */ = {
			isa = PBXGroup;
			children = (
				5327CF9B2248C079002B8D42 /* CustomVideoPlayerViewModel.swift */,
				53F818AD224876FC0049EC05 /* CustomVideoPlayerViewController.swift */,
				53F818AE224876FC0049EC05 /* CustomVideoPlayerViewController.xib */,
			);
			path = "Custom Video Player";
			sourceTree = "<group>";
		};
/* End PBXGroup section */

/* Begin PBXNativeTarget section */
		53BB4120224498FE00555A5F /* Demo_VideoAttachment */ = {
			isa = PBXNativeTarget;
			buildConfigurationList = 53BB4133224498FF00555A5F /* Build configuration list for PBXNativeTarget "Demo_VideoAttachment" */;
			buildPhases = (
				53BB411D224498FE00555A5F /* Sources */,
				53BB411E224498FE00555A5F /* Frameworks */,
				53BB411F224498FE00555A5F /* Resources */,
			);
			buildRules = (
			);
			dependencies = (
			);
			name = Demo_VideoAttachment;
			productName = Demo_VideoAttachment;
			productReference = 53BB4121224498FE00555A5F /* Demo_VideoAttachment.app */;
			productType = "com.apple.product-type.application";
		};
/* End PBXNativeTarget section */

/* Begin PBXProject section */
		53BB4119224498FE00555A5F /* Project object */ = {
			isa = PBXProject;
			attributes = {
				LastSwiftUpdateCheck = 1010;
				LastUpgradeCheck = 1010;
				ORGANIZATIONNAME = MBA0204;
				TargetAttributes = {
					53BB4120224498FE00555A5F = {
						CreatedOnToolsVersion = 10.1;
					};
				};
			};
			buildConfigurationList = 53BB411C224498FE00555A5F /* Build configuration list for PBXProject "Demo_VideoAttachment" */;
			compatibilityVersion = "Xcode 9.3";
			developmentRegion = en;
			hasScannedForEncodings = 0;
			knownRegions = (
				en,
				Base,
			);
			mainGroup = 53BB4118224498FE00555A5F;
			productRefGroup = 53BB4122224498FE00555A5F /* Products */;
			projectDirPath = "";
			projectRoot = "";
			targets = (
				53BB4120224498FE00555A5F /* Demo_VideoAttachment */,
			);
		};
/* End PBXProject section */

/* Begin PBXResourcesBuildPhase section */
		53BB411F224498FE00555A5F /* Resources */ = {
			isa = PBXResourcesBuildPhase;
			buildActionMask = 2147483647;
			files = (
				53BB412F224498FF00555A5F /* LaunchScreen.storyboard in Resources */,
				5327CF912248AE0E002B8D42 /* VideoGalleryViewController.xib in Resources */,
				53BB412C224498FF00555A5F /* Assets.xcassets in Resources */,
				53F818B0224876FC0049EC05 /* CustomVideoPlayerViewController.xib in Resources */,
				5327CF962248AF06002B8D42 /* VideoCollectionCell.xib in Resources */,
				5327CF8F22489CE0002B8D42 /* HomeViewController.xib in Resources */,
			);
			runOnlyForDeploymentPostprocessing = 0;
		};
/* End PBXResourcesBuildPhase section */

/* Begin PBXSourcesBuildPhase section */
		53BB411D224498FE00555A5F /* Sources */ = {
			isa = PBXSourcesBuildPhase;
			buildActionMask = 2147483647;
			files = (
				53BB4125224498FE00555A5F /* AppDelegate.swift in Sources */,
				5327CFAA2248C4D5002B8D42 /* UITextFieldExtension.swift in Sources */,
				531363512253107A00A94BA4 /* PHAssetExtension.swift in Sources */,
				5327CFAF2248C4D5002B8D42 /* UIFontExtension.swift in Sources */,
				53F818AF224876FC0049EC05 /* CustomVideoPlayerViewController.swift in Sources */,
				5327CFB52248C79F002B8D42 /* UICollectionViewExtension.swift in Sources */,
				5327CF8B22489715002B8D42 /* PermissionManager.swift in Sources */,
				5327CF832248851F002B8D42 /* PhotoLibraryManager.swift in Sources */,
				53006558224DD8800012E0D7 /* BumiosVideoManager.swift in Sources */,
				53006556224DD85A0012E0D7 /* BumiosFileManager.swift in Sources */,
				5327CF9C2248C079002B8D42 /* CustomVideoPlayerViewModel.swift in Sources */,
				5327CFAE2248C4D5002B8D42 /* UIViewExtension.swift in Sources */,
				5327CFAD2248C4D5002B8D42 /* UITableViewExtension.swift in Sources */,
				5327CF9A2248B30A002B8D42 /* VideoCollectionCellViewModel.swift in Sources */,
				5327CFAB2248C4D5002B8D42 /* IntExtension.swift in Sources */,
				5327CF8E22489CE0002B8D42 /* HomeViewController.swift in Sources */,
				532668632252181000F10515 /* URLExtension.swift in Sources */,
				5327CFAC2248C4D5002B8D42 /* CGFloatExtension.swift in Sources */,
				5327CFB02248C4D5002B8D42 /* StringExtension.swift in Sources */,
				5327CFB12248C4D5002B8D42 /* DoubleExtension.swift in Sources */,
				5327CF8622488BB8002B8D42 /* VideoGalleryViewController.swift in Sources */,
				5327CF982248B16A002B8D42 /* VideoGalleryViewModel.swift in Sources */,
				5327CF952248AF06002B8D42 /* VideoCollectionCell.swift in Sources */,
			);
			runOnlyForDeploymentPostprocessing = 0;
		};
/* End PBXSourcesBuildPhase section */

/* Begin PBXVariantGroup section */
		53BB412D224498FF00555A5F /* LaunchScreen.storyboard */ = {
			isa = PBXVariantGroup;
			children = (
				53BB412E224498FF00555A5F /* Base */,
			);
			name = LaunchScreen.storyboard;
			sourceTree = "<group>";
		};
/* End PBXVariantGroup section */

/* Begin XCBuildConfiguration section */
		53BB4131224498FF00555A5F /* Debug */ = {
			isa = XCBuildConfiguration;
			buildSettings = {
				ALWAYS_SEARCH_USER_PATHS = NO;
				CLANG_ANALYZER_NONNULL = YES;
				CLANG_ANALYZER_NUMBER_OBJECT_CONVERSION = YES_AGGRESSIVE;
				CLANG_CXX_LANGUAGE_STANDARD = "gnu++14";
				CLANG_CXX_LIBRARY = "libc++";
				CLANG_ENABLE_MODULES = YES;
				CLANG_ENABLE_OBJC_ARC = YES;
				CLANG_ENABLE_OBJC_WEAK = YES;
				CLANG_WARN_BLOCK_CAPTURE_AUTORELEASING = YES;
				CLANG_WARN_BOOL_CONVERSION = YES;
				CLANG_WARN_COMMA = YES;
				CLANG_WARN_CONSTANT_CONVERSION = YES;
				CLANG_WARN_DEPRECATED_OBJC_IMPLEMENTATIONS = YES;
				CLANG_WARN_DIRECT_OBJC_ISA_USAGE = YES_ERROR;
				CLANG_WARN_DOCUMENTATION_COMMENTS = YES;
				CLANG_WARN_EMPTY_BODY = YES;
				CLANG_WARN_ENUM_CONVERSION = YES;
				CLANG_WARN_INFINITE_RECURSION = YES;
				CLANG_WARN_INT_CONVERSION = YES;
				CLANG_WARN_NON_LITERAL_NULL_CONVERSION = YES;
				CLANG_WARN_OBJC_IMPLICIT_RETAIN_SELF = YES;
				CLANG_WARN_OBJC_LITERAL_CONVERSION = YES;
				CLANG_WARN_OBJC_ROOT_CLASS = YES_ERROR;
				CLANG_WARN_RANGE_LOOP_ANALYSIS = YES;
				CLANG_WARN_STRICT_PROTOTYPES = YES;
				CLANG_WARN_SUSPICIOUS_MOVE = YES;
				CLANG_WARN_UNGUARDED_AVAILABILITY = YES_AGGRESSIVE;
				CLANG_WARN_UNREACHABLE_CODE = YES;
				CLANG_WARN__DUPLICATE_METHOD_MATCH = YES;
				CODE_SIGN_IDENTITY = "iPhone Developer";
				COPY_PHASE_STRIP = NO;
				DEBUG_INFORMATION_FORMAT = dwarf;
				ENABLE_STRICT_OBJC_MSGSEND = YES;
				ENABLE_TESTABILITY = YES;
				GCC_C_LANGUAGE_STANDARD = gnu11;
				GCC_DYNAMIC_NO_PIC = NO;
				GCC_NO_COMMON_BLOCKS = YES;
				GCC_OPTIMIZATION_LEVEL = 0;
				GCC_PREPROCESSOR_DEFINITIONS = (
					"DEBUG=1",
					"$(inherited)",
				);
				GCC_WARN_64_TO_32_BIT_CONVERSION = YES;
				GCC_WARN_ABOUT_RETURN_TYPE = YES_ERROR;
				GCC_WARN_UNDECLARED_SELECTOR = YES;
				GCC_WARN_UNINITIALIZED_AUTOS = YES_AGGRESSIVE;
				GCC_WARN_UNUSED_FUNCTION = YES;
				GCC_WARN_UNUSED_VARIABLE = YES;
				IPHONEOS_DEPLOYMENT_TARGET = 12.1;
				MTL_ENABLE_DEBUG_INFO = INCLUDE_SOURCE;
				MTL_FAST_MATH = YES;
				ONLY_ACTIVE_ARCH = YES;
				SDKROOT = iphoneos;
				SWIFT_ACTIVE_COMPILATION_CONDITIONS = DEBUG;
				SWIFT_OPTIMIZATION_LEVEL = "-Onone";
			};
			name = Debug;
		};
		53BB4132224498FF00555A5F /* Release */ = {
			isa = XCBuildConfiguration;
			buildSettings = {
				ALWAYS_SEARCH_USER_PATHS = NO;
				CLANG_ANALYZER_NONNULL = YES;
				CLANG_ANALYZER_NUMBER_OBJECT_CONVERSION = YES_AGGRESSIVE;
				CLANG_CXX_LANGUAGE_STANDARD = "gnu++14";
				CLANG_CXX_LIBRARY = "libc++";
				CLANG_ENABLE_MODULES = YES;
				CLANG_ENABLE_OBJC_ARC = YES;
				CLANG_ENABLE_OBJC_WEAK = YES;
				CLANG_WARN_BLOCK_CAPTURE_AUTORELEASING = YES;
				CLANG_WARN_BOOL_CONVERSION = YES;
				CLANG_WARN_COMMA = YES;
				CLANG_WARN_CONSTANT_CONVERSION = YES;
				CLANG_WARN_DEPRECATED_OBJC_IMPLEMENTATIONS = YES;
				CLANG_WARN_DIRECT_OBJC_ISA_USAGE = YES_ERROR;
				CLANG_WARN_DOCUMENTATION_COMMENTS = YES;
				CLANG_WARN_EMPTY_BODY = YES;
				CLANG_WARN_ENUM_CONVERSION = YES;
				CLANG_WARN_INFINITE_RECURSION = YES;
				CLANG_WARN_INT_CONVERSION = YES;
				CLANG_WARN_NON_LITERAL_NULL_CONVERSION = YES;
				CLANG_WARN_OBJC_IMPLICIT_RETAIN_SELF = YES;
				CLANG_WARN_OBJC_LITERAL_CONVERSION = YES;
				CLANG_WARN_OBJC_ROOT_CLASS = YES_ERROR;
				CLANG_WARN_RANGE_LOOP_ANALYSIS = YES;
				CLANG_WARN_STRICT_PROTOTYPES = YES;
				CLANG_WARN_SUSPICIOUS_MOVE = YES;
				CLANG_WARN_UNGUARDED_AVAILABILITY = YES_AGGRESSIVE;
				CLANG_WARN_UNREACHABLE_CODE = YES;
				CLANG_WARN__DUPLICATE_METHOD_MATCH = YES;
				CODE_SIGN_IDENTITY = "iPhone Developer";
				COPY_PHASE_STRIP = NO;
				DEBUG_INFORMATION_FORMAT = "dwarf-with-dsym";
				ENABLE_NS_ASSERTIONS = NO;
				ENABLE_STRICT_OBJC_MSGSEND = YES;
				GCC_C_LANGUAGE_STANDARD = gnu11;
				GCC_NO_COMMON_BLOCKS = YES;
				GCC_WARN_64_TO_32_BIT_CONVERSION = YES;
				GCC_WARN_ABOUT_RETURN_TYPE = YES_ERROR;
				GCC_WARN_UNDECLARED_SELECTOR = YES;
				GCC_WARN_UNINITIALIZED_AUTOS = YES_AGGRESSIVE;
				GCC_WARN_UNUSED_FUNCTION = YES;
				GCC_WARN_UNUSED_VARIABLE = YES;
				IPHONEOS_DEPLOYMENT_TARGET = 12.1;
				MTL_ENABLE_DEBUG_INFO = NO;
				MTL_FAST_MATH = YES;
				SDKROOT = iphoneos;
				SWIFT_COMPILATION_MODE = wholemodule;
				SWIFT_OPTIMIZATION_LEVEL = "-O";
				VALIDATE_PRODUCT = YES;
			};
			name = Release;
		};
		53BB4134224498FF00555A5F /* Debug */ = {
			isa = XCBuildConfiguration;
			buildSettings = {
				ASSETCATALOG_COMPILER_APPICON_NAME = AppIcon;
				CODE_SIGN_STYLE = Automatic;
				DEVELOPMENT_TEAM = MDVP4938PX;
				INFOPLIST_FILE = Demo_VideoAttachment/Support/Info.plist;
				IPHONEOS_DEPLOYMENT_TARGET = 9.0;
				LD_RUNPATH_SEARCH_PATHS = (
					"$(inherited)",
					"@executable_path/Frameworks",
				);
				PRODUCT_BUNDLE_IDENTIFIER = "com.bumios.demo-videoattachment";
				PRODUCT_NAME = "$(TARGET_NAME)";
				SWIFT_VERSION = 4.2;
				TARGETED_DEVICE_FAMILY = "1,2";
			};
			name = Debug;
		};
		53BB4135224498FF00555A5F /* Release */ = {
			isa = XCBuildConfiguration;
			buildSettings = {
				ASSETCATALOG_COMPILER_APPICON_NAME = AppIcon;
				CODE_SIGN_STYLE = Automatic;
				DEVELOPMENT_TEAM = MDVP4938PX;
				INFOPLIST_FILE = Demo_VideoAttachment/Support/Info.plist;
				IPHONEOS_DEPLOYMENT_TARGET = 9.0;
				LD_RUNPATH_SEARCH_PATHS = (
					"$(inherited)",
					"@executable_path/Frameworks",
				);
				PRODUCT_BUNDLE_IDENTIFIER = "com.bumios.demo-videoattachment";
				PRODUCT_NAME = "$(TARGET_NAME)";
				SWIFT_VERSION = 4.2;
				TARGETED_DEVICE_FAMILY = "1,2";
			};
			name = Release;
		};
/* End XCBuildConfiguration section */

/* Begin XCConfigurationList section */
		53BB411C224498FE00555A5F /* Build configuration list for PBXProject "Demo_VideoAttachment" */ = {
			isa = XCConfigurationList;
			buildConfigurations = (
				53BB4131224498FF00555A5F /* Debug */,
				53BB4132224498FF00555A5F /* Release */,
			);
			defaultConfigurationIsVisible = 0;
			defaultConfigurationName = Release;
		};
		53BB4133224498FF00555A5F /* Build configuration list for PBXNativeTarget "Demo_VideoAttachment" */ = {
			isa = XCConfigurationList;
			buildConfigurations = (
				53BB4134224498FF00555A5F /* Debug */,
				53BB4135224498FF00555A5F /* Release */,
			);
			defaultConfigurationIsVisible = 0;
			defaultConfigurationName = Release;
		};
/* End XCConfigurationList section */
	};
	rootObject = 53BB4119224498FE00555A5F /* Project object */;
}
